{
  "name": "nodejs-example",
  "version": "0.1.0",
  "lockfileVersion": 1,
  "requires": true,
  "dependencies": {
    "@napi-rs/triples": {
      "version": "1.0.2",
      "resolved": "https://registry.npmjs.org/@napi-rs/triples/-/triples-1.0.2.tgz",
      "integrity": "sha512-EL3SiX43m9poFSnhDx4d4fn9SSaqyO2rHsCNhETi9bWPmjXK3uPJ0QpPFtx39FEdHcz1vJmsiW41kqc0AgvtzQ=="
    },
    "@node-rs/helper": {
      "version": "1.0.0",
      "resolved": "https://registry.npmjs.org/@node-rs/helper/-/helper-1.0.0.tgz",
      "integrity": "sha512-B4CSMHCuYPqai3LMsRTXyvBEP24YRnCZUUsDPYkgFD6tFA+q43rLkaEzsnTJTKJq5ZnJ4n5YJpJwEz7Xn8+0vg==",
      "requires": {
        "@napi-rs/triples": "^1.0.2",
        "tslib": "^2.0.3"
      }
    },
    "@rillrate/rillrate": {
      "version": "0.3.0",
      "resolved": "https://registry.npmjs.org/@rillrate/rillrate/-/rillrate-0.3.0.tgz",
      "integrity": "sha512-Y0/VRN7gjyzqV+4Kjg4aIsxlJZeGTGuTM0dYixxtM7TnFdemV2UNtznif6n975P8NyKDcs68PW/vACDqc+RoLg==",
      "requires": {
        "@node-rs/helper": "^1.0.0",
        "@rillrate/rillrate-linux-arm-gnueabihf": "^0.3.0",
        "@rillrate/rillrate-linux-arm64-gnu": "^0.3.0",
        "@rillrate/rillrate-linux-x64-gnu": "^0.3.0",
        "@rillrate/rillrate-linux-x64-musl": "^0.3.0",
        "@rillrate/rillrate-win32-x64-msvc": "^0.3.0"
      }
    },
    "@rillrate/rillrate-linux-arm-gnueabihf": {
      "version": "0.3.0",
      "resolved": "https://registry.npmjs.org/@rillrate/rillrate-linux-arm-gnueabihf/-/rillrate-linux-arm-gnueabihf-0.3.0.tgz",
      "integrity": "sha512-GQSsSHjJRMLG3p2WAFKS3E7dJazqwUTpDOGPw5wBZVPhqJgszsAp6xnmt3Abp5dRKUz98Un6L1A/AfZeoGUODA==",
      "optional": true
    },
    "@rillrate/rillrate-linux-arm64-gnu": {
      "version": "0.3.0",
      "resolved": "https://registry.npmjs.org/@rillrate/rillrate-linux-arm64-gnu/-/rillrate-linux-arm64-gnu-0.3.0.tgz",
      "integrity": "sha512-EFUgIAv5bDB0W6N6yEVzymfLlenhSqlv+Ecn4Em8KF3WjHdcZBNHR5HPeajuDKlfyA0pw2N2d0niYzwM3w8GFQ==",
      "optional": true
    },
    "@rillrate/rillrate-linux-x64-gnu": {
      "version": "0.3.0",
      "resolved": "https://registry.npmjs.org/@rillrate/rillrate-linux-x64-gnu/-/rillrate-linux-x64-gnu-0.3.0.tgz",
      "integrity": "sha512-9sMtN6ah6winQYAT3xVR+4WBBJzQu4VdhHZPiKeJpY93PRlzSXRCI528Cltc3+EgvVUDx3Kr2OG8sn9I7d0dng==",
      "optional": true
    },
    "@rillrate/rillrate-linux-x64-musl": {
      "version": "0.3.0",
      "resolved": "https://registry.npmjs.org/@rillrate/rillrate-linux-x64-musl/-/rillrate-linux-x64-musl-0.3.0.tgz",
      "integrity": "sha512-GAhEGRLhyrHGGFyblXacZjkKXGZFNwAHn/QpwUCFaHCnMHippi0RMBA+Jjs2sfMAVGjXWeEfHOOk2R2yNPyBrg==",
      "optional": true
    },
    "@rillrate/rillrate-win32-x64-msvc": {
      "version": "0.3.0",
      "resolved": "https://registry.npmjs.org/@rillrate/rillrate-win32-x64-msvc/-/rillrate-win32-x64-msvc-0.3.0.tgz",
      "integrity": "sha512-VE9l/+3G340nOnvuZktfvo9r1fbKDpabkG6TrqdE43zT3phsMVTjPTRISi3dTpDOCpojlXaEmYaMfJ6bXVOIJw==",
      "optional": true
    },
    "tslib": {
      "version": "2.1.0",
      "resolved": "https://registry.npmjs.org/tslib/-/tslib-2.1.0.tgz",
      "integrity": "sha512-hcVC3wYEziELGGmEEXue7D75zbwIIVUMWAVbHItGPx0ziyXxrOMQx4rQEVEV45Ut/1IotuEvwqPopzIOkDMf0A=="
    }
  }
}
